
Microsoft Visual Studio Solution File, Format Version 12.00
# Visual Studio Version 17
VisualStudioVersion = 17.8.34322.80
MinimumVisualStudioVersion = 10.0.40219.1
Project("{FAE04EC0-301F-11D3-BF4B-00C04F79EFBC}") = "ExchangeRate", "ExchangeRate\ExchangeRate.csproj", "{9CBA1D95-A3E0-45C5-B8E2-E2C04FCB85A0}"
EndProject
Project("{FAE04EC0-301F-11D3-BF4B-00C04F79EFBC}") = "ExchangeRateTest", "ExchangeRateTest\ExchangeRateTest.csproj", "{F089AAAB-3978-486E-A10B-CFA752C04D53}"
EndProject
Global
	GlobalSection(SolutionConfigurationPlatforms) = preSolution
		Debug|Any CPU = Debug|Any CPU
		Release|Any CPU = Release|Any CPU
	EndGlobalSection
	GlobalSection(ProjectConfigurationPlatforms) = postSolution
		{9CBA1D95-A3E0-45C5-B8E2-E2C04FCB85A0}.Debug|Any CPU.ActiveCfg = Debug|Any CPU
		{9CBA1D95-A3E0-45C5-B8E2-E2C04FCB85A0}.Debug|Any CPU.Build.0 = Debug|Any CPU
		{9CBA1D95-A3E0-45C5-B8E2-E2C04FCB85A0}.Release|Any CPU.ActiveCfg = Release|Any CPU
		{9CBA1D95-A3E0-45C5-B8E2-E2C04FCB85A0}.Release|Any CPU.Build.0 = Release|Any CPU
		{F089AAAB-3978-486E-A10B-CFA752C04D53}.Debug|Any CPU.ActiveCfg = Debug|Any CPU
		{F089AAAB-3978-486E-A10B-CFA752C04D53}.Debug|Any CPU.Build.0 = Debug|Any CPU
		{F089AAAB-3978-486E-A10B-CFA752C04D53}.Release|Any CPU.ActiveCfg = Release|Any CPU
		{F089AAAB-3978-486E-A10B-CFA752C04D53}.Release|Any CPU.Build.0 = Release|Any CPU
	EndGlobalSection
	GlobalSection(SolutionProperties) = preSolution
		HideSolutionNode = FALSE
	EndGlobalSection
	GlobalSection(ExtensibilityGlobals) = postSolution
		SolutionGuid = {E5E61E02-AACE-4C44-8944-7C6A49E633B0}
	EndGlobalSection
EndGlobal
